
Microsoft Visual Studio Solution File, Format Version 12.00
# Visual Studio Version 17
VisualStudioVersion = 17.11.35327.3
MinimumVisualStudioVersion = 10.0.40219.1
Project("{9A19103F-16F7-4668-BE54-9A1E7A4F7556}") = "stage0", "stage0\stage0.csproj", "{8FAE3ED9-5B60-43FB-AAD9-E039376B505C}"
EndProject
Project("{9A19103F-16F7-4668-BE54-9A1E7A4F7556}") = "DalFacade", "DalFacade\DalFacade.csproj", "{9A7A23DC-B0CC-45EC-8E18-779C3DCEB3E6}"
EndProject
Project("{9A19103F-16F7-4668-BE54-9A1E7A4F7556}") = "DalTest", "DalTest\DalTest.csproj", "{61EF5B9C-8B1D-4CDB-8CB4-1557A1F54330}"
EndProject
Project("{9A19103F-16F7-4668-BE54-9A1E7A4F7556}") = "DalList", "DalList\DalList.csproj", "{126B7285-D39A-436C-9A58-37F915A58CD2}"
EndProject
Project("{9A19103F-16F7-4668-BE54-9A1E7A4F7556}") = "DalXml", "DalXml\DalXml.csproj", "{7B9E7429-D940-487A-8C92-8CE275A4B0E8}"
EndProject
Project("{2150E333-8FDC-42A3-9474-1A3956D46DE8}") = "xml", "xml", "{8C9ABDAC-852A-4417-8E2B-0E76E1A7BE9C}"
	ProjectSection(SolutionItems) = preProject
		..\dotNet5785_6659_6064\xml\data-config.xml.txt = ..\dotNet5785_6659_6064\xml\data-config.xml.txt
	EndProjectSection
EndProject
Global
	GlobalSection(SolutionConfigurationPlatforms) = preSolution
		Debug|Any CPU = Debug|Any CPU
		Release|Any CPU = Release|Any CPU
	EndGlobalSection
	GlobalSection(ProjectConfigurationPlatforms) = postSolution
		{8FAE3ED9-5B60-43FB-AAD9-E039376B505C}.Debug|Any CPU.ActiveCfg = Debug|Any CPU
		{8FAE3ED9-5B60-43FB-AAD9-E039376B505C}.Debug|Any CPU.Build.0 = Debug|Any CPU
		{8FAE3ED9-5B60-43FB-AAD9-E039376B505C}.Release|Any CPU.ActiveCfg = Release|Any CPU
		{8FAE3ED9-5B60-43FB-AAD9-E039376B505C}.Release|Any CPU.Build.0 = Release|Any CPU
		{9A7A23DC-B0CC-45EC-8E18-779C3DCEB3E6}.Debug|Any CPU.ActiveCfg = Debug|Any CPU
		{9A7A23DC-B0CC-45EC-8E18-779C3DCEB3E6}.Debug|Any CPU.Build.0 = Debug|Any CPU
		{9A7A23DC-B0CC-45EC-8E18-779C3DCEB3E6}.Release|Any CPU.ActiveCfg = Release|Any CPU
		{9A7A23DC-B0CC-45EC-8E18-779C3DCEB3E6}.Release|Any CPU.Build.0 = Release|Any CPU
		{61EF5B9C-8B1D-4CDB-8CB4-1557A1F54330}.Debug|Any CPU.ActiveCfg = Debug|Any CPU
		{61EF5B9C-8B1D-4CDB-8CB4-1557A1F54330}.Debug|Any CPU.Build.0 = Debug|Any CPU
		{61EF5B9C-8B1D-4CDB-8CB4-1557A1F54330}.Release|Any CPU.ActiveCfg = Release|Any CPU
		{61EF5B9C-8B1D-4CDB-8CB4-1557A1F54330}.Release|Any CPU.Build.0 = Release|Any CPU
		{126B7285-D39A-436C-9A58-37F915A58CD2}.Debug|Any CPU.ActiveCfg = Debug|Any CPU
		{126B7285-D39A-436C-9A58-37F915A58CD2}.Debug|Any CPU.Build.0 = Debug|Any CPU
		{126B7285-D39A-436C-9A58-37F915A58CD2}.Release|Any CPU.ActiveCfg = Release|Any CPU
		{126B7285-D39A-436C-9A58-37F915A58CD2}.Release|Any CPU.Build.0 = Release|Any CPU
		{7B9E7429-D940-487A-8C92-8CE275A4B0E8}.Debug|Any CPU.ActiveCfg = Debug|Any CPU
		{7B9E7429-D940-487A-8C92-8CE275A4B0E8}.Debug|Any CPU.Build.0 = Debug|Any CPU
		{7B9E7429-D940-487A-8C92-8CE275A4B0E8}.Release|Any CPU.ActiveCfg = Release|Any CPU
		{7B9E7429-D940-487A-8C92-8CE275A4B0E8}.Release|Any CPU.Build.0 = Release|Any CPU
	EndGlobalSection
	GlobalSection(SolutionProperties) = preSolution
		HideSolutionNode = FALSE
	EndGlobalSection
	GlobalSection(ExtensibilityGlobals) = postSolution
		SolutionGuid = {BACD0EE7-40AE-4821-9B1C-CA4439163287}
	EndGlobalSection
EndGlobal
